// !$*UTF8*$!
{
	archiveVersion = 1;
	classes = {
	};
	objectVersion = 55;
	objects = {

/* Begin PBXBuildFile section */
		9C696BEC28FC88A20082EC40 /* AppDelegate.swift in Sources */ = {isa = PBXBuildFile; fileRef = 9C696BEB28FC88A20082EC40 /* AppDelegate.swift */; };
		9C696BEE28FC88A20082EC40 /* SceneDelegate.swift in Sources */ = {isa = PBXBuildFile; fileRef = 9C696BED28FC88A20082EC40 /* SceneDelegate.swift */; };
		9C696BF028FC88A20082EC40 /* ViewController.swift in Sources */ = {isa = PBXBuildFile; fileRef = 9C696BEF28FC88A20082EC40 /* ViewController.swift */; };
		9C696BF328FC88A20082EC40 /* Main.storyboard in Resources */ = {isa = PBXBuildFile; fileRef = 9C696BF128FC88A20082EC40 /* Main.storyboard */; };
		9C696BF628FC88A20082EC40 /* Quick_Start_iOS.xcdatamodeld in Sources */ = {isa = PBXBuildFile; fileRef = 9C696BF428FC88A20082EC40 /* Quick_Start_iOS.xcdatamodeld */; };
		9C696BF828FC88A60082EC40 /* Assets.xcassets in Resources */ = {isa = PBXBuildFile; fileRef = 9C696BF728FC88A60082EC40 /* Assets.xcassets */; };
		9C696BFB28FC88A60082EC40 /* LaunchScreen.storyboard in Resources */ = {isa = PBXBuildFile; fileRef = 9C696BF928FC88A60082EC40 /* LaunchScreen.storyboard */; };
		9C696C0628FC88A60082EC40 /* Quick_Start_iOSTests.swift in Sources */ = {isa = PBXBuildFile; fileRef = 9C696C0528FC88A60082EC40 /* Quick_Start_iOSTests.swift */; };
		9C696C1028FC88A60082EC40 /* Quick_Start_iOSUITests.swift in Sources */ = {isa = PBXBuildFile; fileRef = 9C696C0F28FC88A60082EC40 /* Quick_Start_iOSUITests.swift */; };
		9C696C1228FC88A60082EC40 /* Quick_Start_iOSUITestsLaunchTests.swift in Sources */ = {isa = PBXBuildFile; fileRef = 9C696C1128FC88A60082EC40 /* Quick_Start_iOSUITestsLaunchTests.swift */; };
/* End PBXBuildFile section */

/* Begin PBXContainerItemProxy section */
		9C696C0228FC88A60082EC40 /* PBXContainerItemProxy */ = {
			isa = PBXContainerItemProxy;
			containerPortal = 9C696BE028FC88A20082EC40 /* Project object */;
			proxyType = 1;
			remoteGlobalIDString = 9C696BE728FC88A20082EC40;
			remoteInfo = "Quick-Start-iOS";
		};
		9C696C0C28FC88A60082EC40 /* PBXContainerItemProxy */ = {
			isa = PBXContainerItemProxy;
			containerPortal = 9C696BE028FC88A20082EC40 /* Project object */;
			proxyType = 1;
			remoteGlobalIDString = 9C696BE728FC88A20082EC40;
			remoteInfo = "Quick-Start-iOS";
		};
/* End PBXContainerItemProxy section */

/* Begin PBXFileReference section */
		9C696BE828FC88A20082EC40 /* Quick-Start-iOS.app */ = {isa = PBXFileReference; explicitFileType = wrapper.application; includeInIndex = 0; path = "Quick-Start-iOS.app"; sourceTree = BUILT_PRODUCTS_DIR; };
		9C696BEB28FC88A20082EC40 /* AppDelegate.swift */ = {isa = PBXFileReference; lastKnownFileType = sourcecode.swift; path = AppDelegate.swift; sourceTree = "<group>"; };
		9C696BED28FC88A20082EC40 /* SceneDelegate.swift */ = {isa = PBXFileReference; lastKnownFileType = sourcecode.swift; path = SceneDelegate.swift; sourceTree = "<group>"; };
		9C696BEF28FC88A20082EC40 /* ViewController.swift */ = {isa = PBXFileReference; lastKnownFileType = sourcecode.swift; path = ViewController.swift; sourceTree = "<group>"; };
		9C696BF228FC88A20082EC40 /* Base */ = {isa = PBXFileReference; lastKnownFileType = file.storyboard; name = Base; path = Base.lproj/Main.storyboard; sourceTree = "<group>"; };
		9C696BF528FC88A20082EC40 /* Quick_Start_iOS.xcdatamodel */ = {isa = PBXFileReference; lastKnownFileType = wrapper.xcdatamodel; path = Quick_Start_iOS.xcdatamodel; sourceTree = "<group>"; };
		9C696BF728FC88A60082EC40 /* Assets.xcassets */ = {isa = PBXFileReference; lastKnownFileType = folder.assetcatalog; path = Assets.xcassets; sourceTree = "<group>"; };
		9C696BFA28FC88A60082EC40 /* Base */ = {isa = PBXFileReference; lastKnownFileType = file.storyboard; name = Base; path = Base.lproj/LaunchScreen.storyboard; sourceTree = "<group>"; };
		9C696BFC28FC88A60082EC40 /* Info.plist */ = {isa = PBXFileReference; lastKnownFileType = text.plist.xml; path = Info.plist; sourceTree = "<group>"; };
		9C696C0128FC88A60082EC40 /* Quick-Start-iOSTests.xctest */ = {isa = PBXFileReference; explicitFileType = wrapper.cfbundle; includeInIndex = 0; path = "Quick-Start-iOSTests.xctest"; sourceTree = BUILT_PRODUCTS_DIR; };
		9C696C0528FC88A60082EC40 /* Quick_Start_iOSTests.swift */ = {isa = PBXFileReference; lastKnownFileType = sourcecode.swift; path = Quick_Start_iOSTests.swift; sourceTree = "<group>"; };
		9C696C0B28FC88A60082EC40 /* Quick-Start-iOSUITests.xctest */ = {isa = PBXFileReference; explicitFileType = wrapper.cfbundle; includeInIndex = 0; path = "Quick-Start-iOSUITests.xctest"; sourceTree = BUILT_PRODUCTS_DIR; };
		9C696C0F28FC88A60082EC40 /* Quick_Start_iOSUITests.swift */ = {isa = PBXFileReference; lastKnownFileType = sourcecode.swift; path = Quick_Start_iOSUITests.swift; sourceTree = "<group>"; };
		9C696C1128FC88A60082EC40 /* Quick_Start_iOSUITestsLaunchTests.swift */ = {isa = PBXFileReference; lastKnownFileType = sourcecode.swift; path = Quick_Start_iOSUITestsLaunchTests.swift; sourceTree = "<group>"; };
/* End PBXFileReference section */

/* Begin PBXFrameworksBuildPhase section */
		9C696BE528FC88A20082EC40 /* Frameworks */ = {
			isa = PBXFrameworksBuildPhase;
			buildActionMask = 2147483647;
			files = (
			);
			runOnlyForDeploymentPostprocessing = 0;
		};
		9C696BFE28FC88A60082EC40 /* Frameworks */ = {
			isa = PBXFrameworksBuildPhase;
			buildActionMask = 2147483647;
			files = (
			);
			runOnlyForDeploymentPostprocessing = 0;
		};
		9C696C0828FC88A60082EC40 /* Frameworks */ = {
			isa = PBXFrameworksBuildPhase;
			buildActionMask = 2147483647;
			files = (
			);
			runOnlyForDeploymentPostprocessing = 0;
		};
/* End PBXFrameworksBuildPhase section */

/* Begin PBXGroup section */
		9C696BDF28FC88A20082EC40 = {
			isa = PBXGroup;
			children = (
				9C696BEA28FC88A20082EC40 /* Quick-Start-iOS */,
				9C696C0428FC88A60082EC40 /* Quick-Start-iOSTests */,
				9C696C0E28FC88A60082EC40 /* Quick-Start-iOSUITests */,
				9C696BE928FC88A20082EC40 /* Products */,
			);
			sourceTree = "<group>";
		};
		9C696BE928FC88A20082EC40 /* Products */ = {
			isa = PBXGroup;
			children = (
				9C696BE828FC88A20082EC40 /* Quick-Start-iOS.app */,
				9C696C0128FC88A60082EC40 /* Quick-Start-iOSTests.xctest */,
				9C696C0B28FC88A60082EC40 /* Quick-Start-iOSUITests.xctest */,
			);
			name = Products;
			sourceTree = "<group>";
		};
		9C696BEA28FC88A20082EC40 /* Quick-Start-iOS */ = {
			isa = PBXGroup;
			children = (
				9C696BEB28FC88A20082EC40 /* AppDelegate.swift */,
				9C696BED28FC88A20082EC40 /* SceneDelegate.swift */,
				9C696BEF28FC88A20082EC40 /* ViewController.swift */,
				9C696BF128FC88A20082EC40 /* Main.storyboard */,
				9C696BF728FC88A60082EC40 /* Assets.xcassets */,
				9C696BF928FC88A60082EC40 /* LaunchScreen.storyboard */,
				9C696BFC28FC88A60082EC40 /* Info.plist */,
				9C696BF428FC88A20082EC40 /* Quick_Start_iOS.xcdatamodeld */,
			);
			path = "Quick-Start-iOS";
			sourceTree = "<group>";
		};
		9C696C0428FC88A60082EC40 /* Quick-Start-iOSTests */ = {
			isa = PBXGroup;
			children = (
				9C696C0528FC88A60082EC40 /* Quick_Start_iOSTests.swift */,
			);
			path = "Quick-Start-iOSTests";
			sourceTree = "<group>";
		};
		9C696C0E28FC88A60082EC40 /* Quick-Start-iOSUITests */ = {
			isa = PBXGroup;
			children = (
				9C696C0F28FC88A60082EC40 /* Quick_Start_iOSUITests.swift */,
				9C696C1128FC88A60082EC40 /* Quick_Start_iOSUITestsLaunchTests.swift */,
			);
			path = "Quick-Start-iOSUITests";
			sourceTree = "<group>";
		};
/* End PBXGroup section */

/* Begin PBXNativeTarget section */
		9C696BE728FC88A20082EC40 /* Quick-Start-iOS */ = {
			isa = PBXNativeTarget;
			buildConfigurationList = 9C696C1528FC88A60082EC40 /* Build configuration list for PBXNativeTarget "Quick-Start-iOS" */;
			buildPhases = (
				9C696BE428FC88A20082EC40 /* Sources */,
				9C696BE528FC88A20082EC40 /* Frameworks */,
				9C696BE628FC88A20082EC40 /* Resources */,
			);
			buildRules = (
			);
			dependencies = (
			);
			name = "Quick-Start-iOS";
			productName = "Quick-Start-iOS";
			productReference = 9C696BE828FC88A20082EC40 /* Quick-Start-iOS.app */;
			productType = "com.apple.product-type.application";
		};
		9C696C0028FC88A60082EC40 /* Quick-Start-iOSTests */ = {
			isa = PBXNativeTarget;
			buildConfigurationList = 9C696C1828FC88A60082EC40 /* Build configuration list for PBXNativeTarget "Quick-Start-iOSTests" */;
			buildPhases = (
				9C696BFD28FC88A60082EC40 /* Sources */,
				9C696BFE28FC88A60082EC40 /* Frameworks */,
				9C696BFF28FC88A60082EC40 /* Resources */,
			);
			buildRules = (
			);
			dependencies = (
				9C696C0328FC88A60082EC40 /* PBXTargetDependency */,
			);
			name = "Quick-Start-iOSTests";
			productName = "Quick-Start-iOSTests";
			productReference = 9C696C0128FC88A60082EC40 /* Quick-Start-iOSTests.xctest */;
			productType = "com.apple.product-type.bundle.unit-test";
		};
		9C696C0A28FC88A60082EC40 /* Quick-Start-iOSUITests */ = {
			isa = PBXNativeTarget;
			buildConfigurationList = 9C696C1B28FC88A60082EC40 /* Build configuration list for PBXNativeTarget "Quick-Start-iOSUITests" */;
			buildPhases = (
				9C696C0728FC88A60082EC40 /* Sources */,
				9C696C0828FC88A60082EC40 /* Frameworks */,
				9C696C0928FC88A60082EC40 /* Resources */,
			);
			buildRules = (
			);
			dependencies = (
				9C696C0D28FC88A60082EC40 /* PBXTargetDependency */,
			);
			name = "Quick-Start-iOSUITests";
			productName = "Quick-Start-iOSUITests";
			productReference = 9C696C0B28FC88A60082EC40 /* Quick-Start-iOSUITests.xctest */;
			productType = "com.apple.product-type.bundle.ui-testing";
		};
/* End PBXNativeTarget section */

/* Begin PBXProject section */
		9C696BE028FC88A20082EC40 /* Project object */ = {
			isa = PBXProject;
			attributes = {
				BuildIndependentTargetsInParallel = 1;
				LastSwiftUpdateCheck = 1330;
				LastUpgradeCheck = 1330;
				TargetAttributes = {
					9C696BE728FC88A20082EC40 = {
						CreatedOnToolsVersion = 13.3;
					};
					9C696C0028FC88A60082EC40 = {
						CreatedOnToolsVersion = 13.3;
						TestTargetID = 9C696BE728FC88A20082EC40;
					};
					9C696C0A28FC88A60082EC40 = {
						CreatedOnToolsVersion = 13.3;
						TestTargetID = 9C696BE728FC88A20082EC40;
					};
				};
			};
			buildConfigurationList = 9C696BE328FC88A20082EC40 /* Build configuration list for PBXProject "Quick-Start-iOS" */;
			compatibilityVersion = "Xcode 13.0";
			developmentRegion = en;
			hasScannedForEncodings = 0;
			knownRegions = (
				en,
				Base,
			);
			mainGroup = 9C696BDF28FC88A20082EC40;
			productRefGroup = 9C696BE928FC88A20082EC40 /* Products */;
			projectDirPath = "";
			projectRoot = "";
			targets = (
				9C696BE728FC88A20082EC40 /* Quick-Start-iOS */,
				9C696C0028FC88A60082EC40 /* Quick-Start-iOSTests */,
				9C696C0A28FC88A60082EC40 /* Quick-Start-iOSUITests */,
			);
		};
/* End PBXProject section */

/* Begin PBXResourcesBuildPhase section */
		9C696BE628FC88A20082EC40 /* Resources */ = {
			isa = PBXResourcesBuildPhase;
			buildActionMask = 2147483647;
			files = (
				9C696BFB28FC88A60082EC40 /* LaunchScreen.storyboard in Resources */,
				9C696BF828FC88A60082EC40 /* Assets.xcassets in Resources */,
				9C696BF328FC88A20082EC40 /* Main.storyboard in Resources */,
			);
			runOnlyForDeploymentPostprocessing = 0;
		};
		9C696BFF28FC88A60082EC40 /* Resources */ = {
			isa = PBXResourcesBuildPhase;
			buildActionMask = 2147483647;
			files = (
			);
			runOnlyForDeploymentPostprocessing = 0;
		};
		9C696C0928FC88A60082EC40 /* Resources */ = {
			isa = PBXResourcesBuildPhase;
			buildActionMask = 2147483647;
			files = (
			);
			runOnlyForDeploymentPostprocessing = 0;
		};
/* End PBXResourcesBuildPhase section */

/* Begin PBXSourcesBuildPhase section */
		9C696BE428FC88A20082EC40 /* Sources */ = {
			isa = PBXSourcesBuildPhase;
			buildActionMask = 2147483647;
			files = (
				9C696BF628FC88A20082EC40 /* Quick_Start_iOS.xcdatamodeld in Sources */,
				9C696BF028FC88A20082EC40 /* ViewController.swift in Sources */,
				9C696BEC28FC88A20082EC40 /* AppDelegate.swift in Sources */,
				9C696BEE28FC88A20082EC40 /* SceneDelegate.swift in Sources */,
			);
			runOnlyForDeploymentPostprocessing = 0;
		};
		9C696BFD28FC88A60082EC40 /* Sources */ = {
			isa = PBXSourcesBuildPhase;
			buildActionMask = 2147483647;
			files = (
				9C696C0628FC88A60082EC40 /* Quick_Start_iOSTests.swift in Sources */,
			);
			runOnlyForDeploymentPostprocessing = 0;
		};
		9C696C0728FC88A60082EC40 /* Sources */ = {
			isa = PBXSourcesBuildPhase;
			buildActionMask = 2147483647;
			files = (
				9C696C1028FC88A60082EC40 /* Quick_Start_iOSUITests.swift in Sources */,
				9C696C1228FC88A60082EC40 /* Quick_Start_iOSUITestsLaunchTests.swift in Sources */,
			);
			runOnlyForDeploymentPostprocessing = 0;
		};
/* End PBXSourcesBuildPhase section */

/* Begin PBXTargetDependency section */
		9C696C0328FC88A60082EC40 /* PBXTargetDependency */ = {
			isa = PBXTargetDependency;
			target = 9C696BE728FC88A20082EC40 /* Quick-Start-iOS */;
			targetProxy = 9C696C0228FC88A60082EC40 /* PBXContainerItemProxy */;
		};
		9C696C0D28FC88A60082EC40 /* PBXTargetDependency */ = {
			isa = PBXTargetDependency;
			target = 9C696BE728FC88A20082EC40 /* Quick-Start-iOS */;
			targetProxy = 9C696C0C28FC88A60082EC40 /* PBXContainerItemProxy */;
		};
/* End PBXTargetDependency section */

/* Begin PBXVariantGroup section */
		9C696BF128FC88A20082EC40 /* Main.storyboard */ = {
			isa = PBXVariantGroup;
			children = (
				9C696BF228FC88A20082EC40 /* Base */,
			);
			name = Main.storyboard;
			sourceTree = "<group>";
		};
		9C696BF928FC88A60082EC40 /* LaunchScreen.storyboard */ = {
			isa = PBXVariantGroup;
			children = (
				9C696BFA28FC88A60082EC40 /* Base */,
			);
			name = LaunchScreen.storyboard;
			sourceTree = "<group>";
		};
/* End PBXVariantGroup section */

/* Begin XCBuildConfiguration section */
		9C696C1328FC88A60082EC40 /* Debug */ = {
			isa = XCBuildConfiguration;
			buildSettings = {
				ALWAYS_SEARCH_USER_PATHS = NO;
				CLANG_ANALYZER_NONNULL = YES;
				CLANG_ANALYZER_NUMBER_OBJECT_CONVERSION = YES_AGGRESSIVE;
				CLANG_CXX_LANGUAGE_STANDARD = "gnu++17";
				CLANG_ENABLE_MODULES = YES;
				CLANG_ENABLE_OBJC_ARC = YES;
				CLANG_ENABLE_OBJC_WEAK = YES;
				CLANG_WARN_BLOCK_CAPTURE_AUTORELEASING = YES;
				CLANG_WARN_BOOL_CONVERSION = YES;
				CLANG_WARN_COMMA = YES;
				CLANG_WARN_CONSTANT_CONVERSION = YES;
				CLANG_WARN_DEPRECATED_OBJC_IMPLEMENTATIONS = YES;
				CLANG_WARN_DIRECT_OBJC_ISA_USAGE = YES_ERROR;
				CLANG_WARN_DOCUMENTATION_COMMENTS = YES;
				CLANG_WARN_EMPTY_BODY = YES;
				CLANG_WARN_ENUM_CONVERSION = YES;
				CLANG_WARN_INFINITE_RECURSION = YES;
				CLANG_WARN_INT_CONVERSION = YES;
				CLANG_WARN_NON_LITERAL_NULL_CONVERSION = YES;
				CLANG_WARN_OBJC_IMPLICIT_RETAIN_SELF = YES;
				CLANG_WARN_OBJC_LITERAL_CONVERSION = YES;
				CLANG_WARN_OBJC_ROOT_CLASS = YES_ERROR;
				CLANG_WARN_QUOTED_INCLUDE_IN_FRAMEWORK_HEADER = YES;
				CLANG_WARN_RANGE_LOOP_ANALYSIS = YES;
				CLANG_WARN_STRICT_PROTOTYPES = YES;
				CLANG_WARN_SUSPICIOUS_MOVE = YES;
				CLANG_WARN_UNGUARDED_AVAILABILITY = YES_AGGRESSIVE;
				CLANG_WARN_UNREACHABLE_CODE = YES;
				CLANG_WARN__DUPLICATE_METHOD_MATCH = YES;
				COPY_PHASE_STRIP = NO;
				DEBUG_INFORMATION_FORMAT = dwarf;
				ENABLE_STRICT_OBJC_MSGSEND = YES;
				ENABLE_TESTABILITY = YES;
				GCC_C_LANGUAGE_STANDARD = gnu11;
				GCC_DYNAMIC_NO_PIC = NO;
				GCC_NO_COMMON_BLOCKS = YES;
				GCC_OPTIMIZATION_LEVEL = 0;
				GCC_PREPROCESSOR_DEFINITIONS = (
					"DEBUG=1",
					"$(inherited)",
				);
				GCC_WARN_64_TO_32_BIT_CONVERSION = YES;
				GCC_WARN_ABOUT_RETURN_TYPE = YES_ERROR;
				GCC_WARN_UNDECLARED_SELECTOR = YES;
				GCC_WARN_UNINITIALIZED_AUTOS = YES_AGGRESSIVE;
				GCC_WARN_UNUSED_FUNCTION = YES;
				GCC_WARN_UNUSED_VARIABLE = YES;
				IPHONEOS_DEPLOYMENT_TARGET = 15.4;
				MTL_ENABLE_DEBUG_INFO = INCLUDE_SOURCE;
				MTL_FAST_MATH = YES;
				ONLY_ACTIVE_ARCH = YES;
				SDKROOT = iphoneos;
				SWIFT_ACTIVE_COMPILATION_CONDITIONS = DEBUG;
				SWIFT_OPTIMIZATION_LEVEL = "-Onone";
			};
			name = Debug;
		};
		9C696C1428FC88A60082EC40 /* Release */ = {
			isa = XCBuildConfiguration;
			buildSettings = {
				ALWAYS_SEARCH_USER_PATHS = NO;
				CLANG_ANALYZER_NONNULL = YES;
				CLANG_ANALYZER_NUMBER_OBJECT_CONVERSION = YES_AGGRESSIVE;
				CLANG_CXX_LANGUAGE_STANDARD = "gnu++17";
				CLANG_ENABLE_MODULES = YES;
				CLANG_ENABLE_OBJC_ARC = YES;
				CLANG_ENABLE_OBJC_WEAK = YES;
				CLANG_WARN_BLOCK_CAPTURE_AUTORELEASING = YES;
				CLANG_WARN_BOOL_CONVERSION = YES;
				CLANG_WARN_COMMA = YES;
				CLANG_WARN_CONSTANT_CONVERSION = YES;
				CLANG_WARN_DEPRECATED_OBJC_IMPLEMENTATIONS = YES;
				CLANG_WARN_DIRECT_OBJC_ISA_USAGE = YES_ERROR;
				CLANG_WARN_DOCUMENTATION_COMMENTS = YES;
				CLANG_WARN_EMPTY_BODY = YES;
				CLANG_WARN_ENUM_CONVERSION = YES;
				CLANG_WARN_INFINITE_RECURSION = YES;
				CLANG_WARN_INT_CONVERSION = YES;
				CLANG_WARN_NON_LITERAL_NULL_CONVERSION = YES;
				CLANG_WARN_OBJC_IMPLICIT_RETAIN_SELF = YES;
				CLANG_WARN_OBJC_LITERAL_CONVERSION = YES;
				CLANG_WARN_OBJC_ROOT_CLASS = YES_ERROR;
				CLANG_WARN_QUOTED_INCLUDE_IN_FRAMEWORK_HEADER = YES;
				CLANG_WARN_RANGE_LOOP_ANALYSIS = YES;
				CLANG_WARN_STRICT_PROTOTYPES = YES;
				CLANG_WARN_SUSPICIOUS_MOVE = YES;
				CLANG_WARN_UNGUARDED_AVAILABILITY = YES_AGGRESSIVE;
				CLANG_WARN_UNREACHABLE_CODE = YES;
				CLANG_WARN__DUPLICATE_METHOD_MATCH = YES;
				COPY_PHASE_STRIP = NO;
				DEBUG_INFORMATION_FORMAT = "dwarf-with-dsym";
				ENABLE_NS_ASSERTIONS = NO;
				ENABLE_STRICT_OBJC_MSGSEND = YES;
				GCC_C_LANGUAGE_STANDARD = gnu11;
				GCC_NO_COMMON_BLOCKS = YES;
				GCC_WARN_64_TO_32_BIT_CONVERSION = YES;
				GCC_WARN_ABOUT_RETURN_TYPE = YES_ERROR;
				GCC_WARN_UNDECLARED_SELECTOR = YES;
				GCC_WARN_UNINITIALIZED_AUTOS = YES_AGGRESSIVE;
				GCC_WARN_UNUSED_FUNCTION = YES;
				GCC_WARN_UNUSED_VARIABLE = YES;
				IPHONEOS_DEPLOYMENT_TARGET = 15.4;
				MTL_ENABLE_DEBUG_INFO = NO;
				MTL_FAST_MATH = YES;
				SDKROOT = iphoneos;
				SWIFT_COMPILATION_MODE = wholemodule;
				SWIFT_OPTIMIZATION_LEVEL = "-O";
				VALIDATE_PRODUCT = YES;
			};
			name = Release;
		};
		9C696C1628FC88A60082EC40 /* Debug */ = {
			isa = XCBuildConfiguration;
			buildSettings = {
				ASSETCATALOG_COMPILER_APPICON_NAME = AppIcon;
				ASSETCATALOG_COMPILER_GLOBAL_ACCENT_COLOR_NAME = AccentColor;
				CODE_SIGN_STYLE = Automatic;
				CURRENT_PROJECT_VERSION = 1;
				GENERATE_INFOPLIST_FILE = YES;
				INFOPLIST_FILE = "Quick-Start-iOS/Info.plist";
				INFOPLIST_KEY_UIApplicationSupportsIndirectInputEvents = YES;
				INFOPLIST_KEY_UILaunchStoryboardName = LaunchScreen;
				INFOPLIST_KEY_UIMainStoryboardFile = Main;
				INFOPLIST_KEY_UISupportedInterfaceOrientations_iPad = "UIInterfaceOrientationPortrait UIInterfaceOrientationPortraitUpsideDown UIInterfaceOrientationLandscapeLeft UIInterfaceOrientationLandscapeRight";
				INFOPLIST_KEY_UISupportedInterfaceOrientations_iPhone = "UIInterfaceOrientationPortrait UIInterfaceOrientationLandscapeLeft UIInterfaceOrientationLandscapeRight";
				LD_RUNPATH_SEARCH_PATHS = (
					"$(inherited)",
					"@executable_path/Frameworks",
				);
				MARKETING_VERSION = 1.0;
				PRODUCT_BUNDLE_IDENTIFIER = "tahadeta.Quick-Start-iOS";
				PRODUCT_NAME = "$(TARGET_NAME)";
				SWIFT_EMIT_LOC_STRINGS = YES;
				SWIFT_VERSION = 5.0;
				TARGETED_DEVICE_FAMILY = "1,2";
			};
			name = Debug;
		};
		9C696C1728FC88A60082EC40 /* Release */ = {
			isa = XCBuildConfiguration;
			buildSettings = {
				ASSETCATALOG_COMPILER_APPICON_NAME = AppIcon;
				ASSETCATALOG_COMPILER_GLOBAL_ACCENT_COLOR_NAME = AccentColor;
				CODE_SIGN_STYLE = Automatic;
				CURRENT_PROJECT_VERSION = 1;
				GENERATE_INFOPLIST_FILE = YES;
				INFOPLIST_FILE = "Quick-Start-iOS/Info.plist";
				INFOPLIST_KEY_UIApplicationSupportsIndirectInputEvents = YES;
				INFOPLIST_KEY_UILaunchStoryboardName = LaunchScreen;
				INFOPLIST_KEY_UIMainStoryboardFile = Main;
				INFOPLIST_KEY_UISupportedInterfaceOrientations_iPad = "UIInterfaceOrientationPortrait UIInterfaceOrientationPortraitUpsideDown UIInterfaceOrientationLandscapeLeft UIInterfaceOrientationLandscapeRight";
				INFOPLIST_KEY_UISupportedInterfaceOrientations_iPhone = "UIInterfaceOrientationPortrait UIInterfaceOrientationLandscapeLeft UIInterfaceOrientationLandscapeRight";
				LD_RUNPATH_SEARCH_PATHS = (
					"$(inherited)",
					"@executable_path/Frameworks",
				);
				MARKETING_VERSION = 1.0;
				PRODUCT_BUNDLE_IDENTIFIER = "tahadeta.Quick-Start-iOS";
				PRODUCT_NAME = "$(TARGET_NAME)";
				SWIFT_EMIT_LOC_STRINGS = YES;
				SWIFT_VERSION = 5.0;
				TARGETED_DEVICE_FAMILY = "1,2";
			};
			name = Release;
		};
		9C696C1928FC88A60082EC40 /* Debug */ = {
			isa = XCBuildConfiguration;
			buildSettings = {
				ALWAYS_EMBED_SWIFT_STANDARD_LIBRARIES = YES;
				BUNDLE_LOADER = "$(TEST_HOST)";
				CODE_SIGN_STYLE = Automatic;
				CURRENT_PROJECT_VERSION = 1;
				GENERATE_INFOPLIST_FILE = YES;
				IPHONEOS_DEPLOYMENT_TARGET = 15.4;
				MARKETING_VERSION = 1.0;
				PRODUCT_BUNDLE_IDENTIFIER = "tahadeta.Quick-Start-iOSTests";
				PRODUCT_NAME = "$(TARGET_NAME)";
				SWIFT_EMIT_LOC_STRINGS = NO;
				SWIFT_VERSION = 5.0;
				TARGETED_DEVICE_FAMILY = "1,2";
				TEST_HOST = "$(BUILT_PRODUCTS_DIR)/Quick-Start-iOS.app/Quick-Start-iOS";
			};
			name = Debug;
		};
		9C696C1A28FC88A60082EC40 /* Release */ = {
			isa = XCBuildConfiguration;
			buildSettings = {
				ALWAYS_EMBED_SWIFT_STANDARD_LIBRARIES = YES;
				BUNDLE_LOADER = "$(TEST_HOST)";
				CODE_SIGN_STYLE = Automatic;
				CURRENT_PROJECT_VERSION = 1;
				GENERATE_INFOPLIST_FILE = YES;
				IPHONEOS_DEPLOYMENT_TARGET = 15.4;
				MARKETING_VERSION = 1.0;
				PRODUCT_BUNDLE_IDENTIFIER = "tahadeta.Quick-Start-iOSTests";
				PRODUCT_NAME = "$(TARGET_NAME)";
				SWIFT_EMIT_LOC_STRINGS = NO;
				SWIFT_VERSION = 5.0;
				TARGETED_DEVICE_FAMILY = "1,2";
				TEST_HOST = "$(BUILT_PRODUCTS_DIR)/Quick-Start-iOS.app/Quick-Start-iOS";
			};
			name = Release;
		};
		9C696C1C28FC88A60082EC40 /* Debug */ = {
			isa = XCBuildConfiguration;
			buildSettings = {
				ALWAYS_EMBED_SWIFT_STANDARD_LIBRARIES = YES;
				CODE_SIGN_STYLE = Automatic;
				CURRENT_PROJECT_VERSION = 1;
				GENERATE_INFOPLIST_FILE = YES;
				MARKETING_VERSION = 1.0;
				PRODUCT_BUNDLE_IDENTIFIER = "tahadeta.Quick-Start-iOSUITests";
				PRODUCT_NAME = "$(TARGET_NAME)";
				SWIFT_EMIT_LOC_STRINGS = NO;
				SWIFT_VERSION = 5.0;
				TARGETED_DEVICE_FAMILY = "1,2";
				TEST_TARGET_NAME = "Quick-Start-iOS";
			};
			name = Debug;
		};
		9C696C1D28FC88A60082EC40 /* Release */ = {
			isa = XCBuildConfiguration;
			buildSettings = {
				ALWAYS_EMBED_SWIFT_STANDARD_LIBRARIES = YES;
				CODE_SIGN_STYLE = Automatic;
				CURRENT_PROJECT_VERSION = 1;
				GENERATE_INFOPLIST_FILE = YES;
				MARKETING_VERSION = 1.0;
				PRODUCT_BUNDLE_IDENTIFIER = "tahadeta.Quick-Start-iOSUITests";
				PRODUCT_NAME = "$(TARGET_NAME)";
				SWIFT_EMIT_LOC_STRINGS = NO;
				SWIFT_VERSION = 5.0;
				TARGETED_DEVICE_FAMILY = "1,2";
				TEST_TARGET_NAME = "Quick-Start-iOS";
			};
			name = Release;
		};
/* End XCBuildConfiguration section */

/* Begin XCConfigurationList section */
		9C696BE328FC88A20082EC40 /* Build configuration list for PBXProject "Quick-Start-iOS" */ = {
			isa = XCConfigurationList;
			buildConfigurations = (
				9C696C1328FC88A60082EC40 /* Debug */,
				9C696C1428FC88A60082EC40 /* Release */,
			);
			defaultConfigurationIsVisible = 0;
			defaultConfigurationName = Release;
		};
		9C696C1528FC88A60082EC40 /* Build configuration list for PBXNativeTarget "Quick-Start-iOS" */ = {
			isa = XCConfigurationList;
			buildConfigurations = (
				9C696C1628FC88A60082EC40 /* Debug */,
				9C696C1728FC88A60082EC40 /* Release */,
			);
			defaultConfigurationIsVisible = 0;
			defaultConfigurationName = Release;
		};
		9C696C1828FC88A60082EC40 /* Build configuration list for PBXNativeTarget "Quick-Start-iOSTests" */ = {
			isa = XCConfigurationList;
			buildConfigurations = (
				9C696C1928FC88A60082EC40 /* Debug */,
				9C696C1A28FC88A60082EC40 /* Release */,
			);
			defaultConfigurationIsVisible = 0;
			defaultConfigurationName = Release;
		};
		9C696C1B28FC88A60082EC40 /* Build configuration list for PBXNativeTarget "Quick-Start-iOSUITests" */ = {
			isa = XCConfigurationList;
			buildConfigurations = (
				9C696C1C28FC88A60082EC40 /* Debug */,
				9C696C1D28FC88A60082EC40 /* Release */,
			);
			defaultConfigurationIsVisible = 0;
			defaultConfigurationName = Release;
		};
/* End XCConfigurationList section */

/* Begin XCVersionGroup section */
		9C696BF428FC88A20082EC40 /* Quick_Start_iOS.xcdatamodeld */ = {
			isa = XCVersionGroup;
			children = (
				9C696BF528FC88A20082EC40 /* Quick_Start_iOS.xcdatamodel */,
			);
			currentVersion = 9C696BF528FC88A20082EC40 /* Quick_Start_iOS.xcdatamodel */;
			path = Quick_Start_iOS.xcdatamodeld;
			sourceTree = "<group>";
			versionGroupType = wrapper.xcdatamodel;
		};
/* End XCVersionGroup section */
	};
	rootObject = 9C696BE028FC88A20082EC40 /* Project object */;
}
